{
  "version": 4,
  "terraform_version": "1.1.3",
  "serial": 91,
  "lineage": "88a3eda1-ec22-e90b-b9f3-9949ba6b4fb2",
  "outputs": {
    "public_ip": {
      "value": "54.162.235.53",
      "type": "string"
    }
  },
  "resources": [
    {
      "module": "module.instance",
      "mode": "data",
      "type": "ct_config",
      "name": "config",
      "provider": "provider[\"registry.terraform.io/poseidon/ct\"]",
      "instances": [
        {
          "schema_version": 0,
          "attributes": {
            "content": "variant: fcos\nversion: 1.2.0\npasswd:\n  users:\n  - name: core\n    ssh_authorized_keys:\n    - ssh-rsa AAAAB3NzaC1yc2EAAAADAQABAAABgQDNQWhaNHUvkeksqtoRrqN+y0mfx+/YTTj3u2UPG67vcs1YIs/tyy6tAoocdj4JzMccCKR0hvthE6QZNTGb5Lu1WuL40PGV3+yz7a72T5qAL2VWX4H5Fwhq3QFSJezR88uiNiDw+hlWFWIVdyutCrJdEK29+HdAdNbhXxI4S1qva+GbZjuWuuv3NE9xhZCb/R1weO71yVNxR/K1qB8+DXpowpuvQQY4uBquysoIBicX3QdC8cfzJ2fdykb0kCDuf4qbhWCNoxmvUBrQ86j2W3ScEQ7RMTTEfTEirQpdJfSRuVRRYoQLKL5KH5SQVnl/pXShhWl5gJJy5E3jIY6ySFLbAoxP/rsimSgcbbgdcN19mIdlSoDfgiJHdhkztYpHvisJmqFGiZfxi3/VYaj3nTywy4Nv2b/Xo+eZWXR3fY7ZBGAvlBirYk5HLm+ffgrQ9o+9nqF1Dx4VoSADXp+sX86ufF/rT7vt5P+KK/jqHo+KjK9RoYPOMPyLf0FqTlJV3Cc= instance_key\n\n    groups:\n      - docker",
            "id": "2449813039",
            "platform": null,
            "pretty_print": false,
            "rendered": "{\"ignition\":{\"version\":\"3.2.0\"},\"passwd\":{\"users\":[{\"groups\":[\"docker\"],\"name\":\"core\",\"sshAuthorizedKeys\":[\"ssh-rsa AAAAB3NzaC1yc2EAAAADAQABAAABgQDNQWhaNHUvkeksqtoRrqN+y0mfx+/YTTj3u2UPG67vcs1YIs/tyy6tAoocdj4JzMccCKR0hvthE6QZNTGb5Lu1WuL40PGV3+yz7a72T5qAL2VWX4H5Fwhq3QFSJezR88uiNiDw+hlWFWIVdyutCrJdEK29+HdAdNbhXxI4S1qva+GbZjuWuuv3NE9xhZCb/R1weO71yVNxR/K1qB8+DXpowpuvQQY4uBquysoIBicX3QdC8cfzJ2fdykb0kCDuf4qbhWCNoxmvUBrQ86j2W3ScEQ7RMTTEfTEirQpdJfSRuVRRYoQLKL5KH5SQVnl/pXShhWl5gJJy5E3jIY6ySFLbAoxP/rsimSgcbbgdcN19mIdlSoDfgiJHdhkztYpHvisJmqFGiZfxi3/VYaj3nTywy4Nv2b/Xo+eZWXR3fY7ZBGAvlBirYk5HLm+ffgrQ9o+9nqF1Dx4VoSADXp+sX86ufF/rT7vt5P+KK/jqHo+KjK9RoYPOMPyLf0FqTlJV3Cc= instance_key\"]}]}}",
            "snippets": null,
            "strict": true
          },
          "sensitive_attributes": []
        }
      ]
    },
    {
      "module": "module.instance",
      "mode": "managed",
      "type": "aws_eip",
      "name": "eip",
      "provider": "provider[\"registry.terraform.io/hashicorp/aws\"]",
      "instances": [
        {
          "schema_version": 0,
          "attributes": {
            "address": null,
            "allocation_id": "eipalloc-0263766c3aeaa4446",
            "associate_with_private_ip": null,
            "association_id": "",
            "carrier_ip": "",
            "customer_owned_ip": "",
            "customer_owned_ipv4_pool": "",
            "domain": "vpc",
            "id": "eipalloc-0263766c3aeaa4446",
            "instance": "",
            "network_border_group": "us-east-1",
            "network_interface": "",
            "private_dns": null,
            "private_ip": "",
            "public_dns": "ec2-54-162-235-53.compute-1.amazonaws.com",
            "public_ip": "54.162.235.53",
            "public_ipv4_pool": "amazon",
            "tags": null,
            "tags_all": {},
            "timeouts": null,
            "vpc": true
          },
          "sensitive_attributes": [],
          "private": "eyJlMmJmYjczMC1lY2FhLTExZTYtOGY4OC0zNDM2M2JjN2M0YzAiOnsiZGVsZXRlIjoxODAwMDAwMDAwMDAsInJlYWQiOjkwMDAwMDAwMDAwMCwidXBkYXRlIjozMDAwMDAwMDAwMDB9fQ=="
        }
      ]
    },
    {
      "module": "module.instance",
      "mode": "managed",
      "type": "aws_eip_association",
      "name": "eip_assoc",
      "provider": "provider[\"registry.terraform.io/hashicorp/aws\"]",
      "instances": [
        {
          "schema_version": 0,
          "attributes": {
            "allocation_id": "eipalloc-0263766c3aeaa4446",
            "allow_reassociation": null,
            "id": "eipassoc-0e9f0a78bfe2148f8",
            "instance_id": "i-087f11171ae0dfeb9",
            "network_interface_id": "eni-05f25c40fc789c657",
            "private_ip_address": "172.31.23.247",
            "public_ip": "54.162.235.53"
          },
          "sensitive_attributes": [],
          "private": "bnVsbA==",
          "dependencies": [
            "module.instance.aws_eip.eip",
            "module.instance.aws_instance.app_server",
            "module.instance.data.ct_config.config",
            "module.networking.data.aws_vpc.default",
            "module.networking.module.ec2_sg.aws_security_group.this",
            "module.networking.module.ec2_sg.aws_security_group.this_name_prefix"
          ]
        }
      ]
    },
    {
      "module": "module.instance",
      "mode": "managed",
      "type": "aws_instance",
      "name": "app_server",
      "provider": "provider[\"registry.terraform.io/hashicorp/aws\"]",
      "instances": [
        {
          "schema_version": 1,
          "attributes": {
            "ami": "ami-09e2e5104f310ffb5",
            "arn": "arn:aws:ec2:us-east-1:503561415191:instance/i-087f11171ae0dfeb9",
            "associate_public_ip_address": true,
            "availability_zone": "us-east-1b",
            "capacity_reservation_specification": [
              {
                "capacity_reservation_preference": "open",
                "capacity_reservation_target": []
              }
            ],
            "cpu_core_count": 1,
            "cpu_threads_per_core": 1,
            "credit_specification": [
              {
                "cpu_credits": "standard"
              }
            ],
            "disable_api_termination": false,
            "ebs_block_device": [],
            "ebs_optimized": false,
            "enclave_options": [
              {
                "enabled": false
              }
            ],
            "ephemeral_block_device": [],
            "get_password_data": false,
            "hibernation": false,
            "host_id": null,
            "iam_instance_profile": "",
            "id": "i-087f11171ae0dfeb9",
            "instance_initiated_shutdown_behavior": "stop",
            "instance_state": "running",
            "instance_type": "t2.micro",
            "ipv6_address_count": 0,
            "ipv6_addresses": [],
            "key_name": "",
            "launch_template": [],
            "metadata_options": [
              {
                "http_endpoint": "enabled",
                "http_put_response_hop_limit": 1,
                "http_tokens": "optional",
                "instance_metadata_tags": "disabled"
              }
            ],
            "monitoring": false,
            "network_interface": [],
            "outpost_arn": "",
            "password_data": "",
            "placement_group": "",
            "placement_partition_number": null,
            "primary_network_interface_id": "eni-05f25c40fc789c657",
            "private_dns": "ip-172-31-23-247.ec2.internal",
            "private_ip": "172.31.23.247",
            "public_dns": "ec2-54-91-52-222.compute-1.amazonaws.com",
            "public_ip": "54.91.52.222",
            "root_block_device": [
              {
                "delete_on_termination": true,
                "device_name": "/dev/xvda",
                "encrypted": false,
                "iops": 100,
                "kms_key_id": "",
                "tags": {},
                "throughput": 0,
                "volume_id": "vol-0001c7914b8b53ca2",
                "volume_size": 10,
                "volume_type": "gp2"
              }
            ],
            "secondary_private_ips": [],
            "security_groups": [
              "ec2_sg-20241104064745982600000001"
            ],
            "source_dest_check": true,
            "subnet_id": "subnet-077c225e787c94dfe",
            "tags": {
              "Name": "Study AppServer"
            },
            "tags_all": {
              "Name": "Study AppServer"
            },
            "tenancy": "default",
            "timeouts": null,
            "user_data": "028d473f2faaa40ea0026e5e43c1a68b4008e9c6",
            "user_data_base64": null,
            "volume_tags": null,
            "vpc_security_group_ids": [
              "sg-0b118a645b7edab12"
            ]
          },
          "sensitive_attributes": [],
          "private": "eyJlMmJmYjczMC1lY2FhLTExZTYtOGY4OC0zNDM2M2JjN2M0YzAiOnsiY3JlYXRlIjo2MDAwMDAwMDAwMDAsImRlbGV0ZSI6MTIwMDAwMDAwMDAwMCwidXBkYXRlIjo2MDAwMDAwMDAwMDB9LCJzY2hlbWFfdmVyc2lvbiI6IjEifQ==",
          "dependencies": [
            "module.instance.data.ct_config.config",
            "module.networking.data.aws_vpc.default",
            "module.networking.module.ec2_sg.aws_security_group.this",
            "module.networking.module.ec2_sg.aws_security_group.this_name_prefix"
          ]
        }
      ]
    },
    {
      "module": "module.networking",
      "mode": "data",
      "type": "aws_vpc",
      "name": "default",
      "provider": "provider[\"registry.terraform.io/hashicorp/aws\"]",
      "instances": [
        {
          "schema_version": 0,
          "attributes": {
            "arn": "arn:aws:ec2:us-east-1:503561415191:vpc/vpc-01c3f2414300dfd1b",
            "cidr_block": "172.31.0.0/16",
            "cidr_block_associations": [
              {
                "association_id": "vpc-cidr-assoc-09ed8f09538eac3f2",
                "cidr_block": "172.31.0.0/16",
                "state": "associated"
              }
            ],
            "default": true,
            "dhcp_options_id": "dopt-0e2409ea81943da27",
            "enable_dns_hostnames": true,
            "enable_dns_support": true,
            "filter": null,
            "id": "vpc-01c3f2414300dfd1b",
            "instance_tenancy": "default",
            "ipv6_association_id": "",
            "ipv6_cidr_block": "",
            "main_route_table_id": "rtb-0bcab04d7e7470504",
            "owner_id": "503561415191",
            "state": null,
            "tags": {}
          },
          "sensitive_attributes": []
        }
      ]
    },
    {
      "module": "module.networking.module.ec2_sg",
      "mode": "managed",
      "type": "aws_security_group",
      "name": "this_name_prefix",
      "provider": "provider[\"registry.terraform.io/hashicorp/aws\"]",
      "instances": [
        {
          "index_key": 0,
          "schema_version": 1,
          "attributes": {
            "arn": "arn:aws:ec2:us-east-1:503561415191:security-group/sg-0b118a645b7edab12",
            "description": "Security group for ec2_sg",
            "egress": [],
            "id": "sg-0b118a645b7edab12",
            "ingress": [],
            "name": "ec2_sg-20241104064745982600000001",
            "name_prefix": "ec2_sg-",
            "owner_id": "503561415191",
            "revoke_rules_on_delete": false,
            "tags": {
              "Name": "ec2_sg"
            },
            "tags_all": {
              "Name": "ec2_sg"
            },
            "timeouts": {
              "create": "10m",
              "delete": "15m"
            },
            "vpc_id": "vpc-01c3f2414300dfd1b"
          },
          "sensitive_attributes": [],
          "private": "eyJlMmJmYjczMC1lY2FhLTExZTYtOGY4OC0zNDM2M2JjN2M0YzAiOnsiY3JlYXRlIjo2MDAwMDAwMDAwMDAsImRlbGV0ZSI6OTAwMDAwMDAwMDAwfSwic2NoZW1hX3ZlcnNpb24iOiIxIn0=",
          "dependencies": [
            "module.networking.data.aws_vpc.default"
          ],
          "create_before_destroy": true
        }
      ]
    },
    {
      "module": "module.networking.module.ec2_sg",
      "mode": "managed",
      "type": "aws_security_group_rule",
      "name": "egress_rules",
      "provider": "provider[\"registry.terraform.io/hashicorp/aws\"]",
      "instances": [
        {
          "index_key": 0,
          "schema_version": 2,
          "attributes": {
            "cidr_blocks": [
              "0.0.0.0/0"
            ],
            "description": "All protocols",
            "from_port": -1,
            "id": "sgrule-2310227629",
            "ipv6_cidr_blocks": [
              "::/0"
            ],
            "prefix_list_ids": [],
            "protocol": "-1",
            "security_group_id": "sg-0b118a645b7edab12",
            "self": false,
            "source_security_group_id": null,
            "to_port": -1,
            "type": "egress"
          },
          "sensitive_attributes": [],
          "private": "eyJzY2hlbWFfdmVyc2lvbiI6IjIifQ==",
          "dependencies": [
            "module.networking.data.aws_vpc.default",
            "module.networking.module.ec2_sg.aws_security_group.this",
            "module.networking.module.ec2_sg.aws_security_group.this_name_prefix"
          ]
        }
      ]
    },
    {
      "module": "module.networking.module.ec2_sg",
      "mode": "managed",
      "type": "aws_security_group_rule",
      "name": "ingress_rules",
      "provider": "provider[\"registry.terraform.io/hashicorp/aws\"]",
      "instances": [
        {
          "index_key": 0,
          "schema_version": 2,
          "attributes": {
            "cidr_blocks": [
              "0.0.0.0/0"
            ],
            "description": "HTTP",
            "from_port": 80,
            "id": "sgrule-1507216224",
            "ipv6_cidr_blocks": [],
            "prefix_list_ids": [],
            "protocol": "tcp",
            "security_group_id": "sg-0b118a645b7edab12",
            "self": false,
            "source_security_group_id": null,
            "to_port": 80,
            "type": "ingress"
          },
          "sensitive_attributes": [],
          "private": "eyJzY2hlbWFfdmVyc2lvbiI6IjIifQ==",
          "dependencies": [
            "module.networking.data.aws_vpc.default",
            "module.networking.module.ec2_sg.aws_security_group.this",
            "module.networking.module.ec2_sg.aws_security_group.this_name_prefix"
          ]
        },
        {
          "index_key": 1,
          "schema_version": 2,
          "attributes": {
            "cidr_blocks": [
              "0.0.0.0/0"
            ],
            "description": "HTTPS",
            "from_port": 443,
            "id": "sgrule-584108187",
            "ipv6_cidr_blocks": [],
            "prefix_list_ids": [],
            "protocol": "tcp",
            "security_group_id": "sg-0b118a645b7edab12",
            "self": false,
            "source_security_group_id": null,
            "to_port": 443,
            "type": "ingress"
          },
          "sensitive_attributes": [],
          "private": "eyJzY2hlbWFfdmVyc2lvbiI6IjIifQ==",
          "dependencies": [
            "module.networking.data.aws_vpc.default",
            "module.networking.module.ec2_sg.aws_security_group.this",
            "module.networking.module.ec2_sg.aws_security_group.this_name_prefix"
          ]
        },
        {
          "index_key": 2,
          "schema_version": 2,
          "attributes": {
            "cidr_blocks": [
              "0.0.0.0/0"
            ],
            "description": "All IPV4 ICMP",
            "from_port": -1,
            "id": "sgrule-628595715",
            "ipv6_cidr_blocks": [],
            "prefix_list_ids": [],
            "protocol": "icmp",
            "security_group_id": "sg-0b118a645b7edab12",
            "self": false,
            "source_security_group_id": null,
            "to_port": -1,
            "type": "ingress"
          },
          "sensitive_attributes": [],
          "private": "eyJzY2hlbWFfdmVyc2lvbiI6IjIifQ==",
          "dependencies": [
            "module.networking.data.aws_vpc.default",
            "module.networking.module.ec2_sg.aws_security_group.this",
            "module.networking.module.ec2_sg.aws_security_group.this_name_prefix"
          ]
        },
        {
          "index_key": 3,
          "schema_version": 2,
          "attributes": {
            "cidr_blocks": [
              "0.0.0.0/0"
            ],
            "description": "SSH",
            "from_port": 22,
            "id": "sgrule-4015789781",
            "ipv6_cidr_blocks": [],
            "prefix_list_ids": [],
            "protocol": "tcp",
            "security_group_id": "sg-0b118a645b7edab12",
            "self": false,
            "source_security_group_id": null,
            "to_port": 22,
            "type": "ingress"
          },
          "sensitive_attributes": [],
          "private": "eyJzY2hlbWFfdmVyc2lvbiI6IjIifQ==",
          "dependencies": [
            "module.networking.data.aws_vpc.default",
            "module.networking.module.ec2_sg.aws_security_group.this",
            "module.networking.module.ec2_sg.aws_security_group.this_name_prefix"
          ]
        }
      ]
    }
  ]
}
